
Microsoft Visual Studio Solution File, Format Version 12.00
# Visual Studio 15
Project("{FAE04EC0-301F-11D3-BF4B-00C04F79EFBC}") = "Unity.2D.Tilemap.Editor", "Unity.2D.Tilemap.Editor.csproj", "{45D7B167-A064-A462-19CF-FCDE11D7C169}"
EndProject
Project("{FAE04EC0-301F-11D3-BF4B-00C04F79EFBC}") = "UnityEditor.UI", "UnityEditor.UI.csproj", "{50BC50B2-9E64-4F7A-45A8-CDB592552BB9}"
EndProject
Project("{FAE04EC0-301F-11D3-BF4B-00C04F79EFBC}") = "UnityEngine.UI", "UnityEngine.UI.csproj", "{22AD34A2-9F18-3AF2-93B0-AD1390F78F29}"
EndProject
Project("{FAE04EC0-301F-11D3-BF4B-00C04F79EFBC}") = "Assembly-CSharp", "Assembly-CSharp.csproj", "{1FB955FC-86D0-1886-893C-FB007DE0B8E5}"
EndProject
Project("{FAE04EC0-301F-11D3-BF4B-00C04F79EFBC}") = "Unity.2D.Sprite.Editor", "Unity.2D.Sprite.Editor.csproj", "{C4B32A20-C1F2-6F01-901D-6F915BBD0746}"
EndProject
Project("{FAE04EC0-301F-11D3-BF4B-00C04F79EFBC}") = "UnityEngine.UI", "UnityEngine.UI.Player.csproj", "{88858981-88E5-3D74-0B49-471CF77047C5}"
EndProject
Project("{FAE04EC0-301F-11D3-BF4B-00C04F79EFBC}") = "Assembly-CSharp", "Assembly-CSharp.Player.csproj", "{6DE3CE6F-79D8-E0F8-82B3-3DAF73099968}"
EndProject
Global
	GlobalSection(SolutionConfigurationPlatforms) = preSolution
		Debug|Any CPU = Debug|Any CPU
		Release|Any CPU = Release|Any CPU
	EndGlobalSection
	GlobalSection(ProjectConfigurationPlatforms) = postSolution
		{45D7B167-A064-A462-19CF-FCDE11D7C169}.Debug|Any CPU.ActiveCfg = Debug|Any CPU
		{45D7B167-A064-A462-19CF-FCDE11D7C169}.Debug|Any CPU.Build.0 = Debug|Any CPU
		{45D7B167-A064-A462-19CF-FCDE11D7C169}.Release|Any CPU.ActiveCfg = Release|Any CPU
		{45D7B167-A064-A462-19CF-FCDE11D7C169}.Release|Any CPU.Build.0 = Release|Any CPU
		{50BC50B2-9E64-4F7A-45A8-CDB592552BB9}.Debug|Any CPU.ActiveCfg = Debug|Any CPU
		{50BC50B2-9E64-4F7A-45A8-CDB592552BB9}.Debug|Any CPU.Build.0 = Debug|Any CPU
		{50BC50B2-9E64-4F7A-45A8-CDB592552BB9}.Release|Any CPU.ActiveCfg = Release|Any CPU
		{50BC50B2-9E64-4F7A-45A8-CDB592552BB9}.Release|Any CPU.Build.0 = Release|Any CPU
		{22AD34A2-9F18-3AF2-93B0-AD1390F78F29}.Debug|Any CPU.ActiveCfg = Debug|Any CPU
		{22AD34A2-9F18-3AF2-93B0-AD1390F78F29}.Debug|Any CPU.Build.0 = Debug|Any CPU
		{22AD34A2-9F18-3AF2-93B0-AD1390F78F29}.Release|Any CPU.ActiveCfg = Release|Any CPU
		{22AD34A2-9F18-3AF2-93B0-AD1390F78F29}.Release|Any CPU.Build.0 = Release|Any CPU
		{1FB955FC-86D0-1886-893C-FB007DE0B8E5}.Debug|Any CPU.ActiveCfg = Debug|Any CPU
		{1FB955FC-86D0-1886-893C-FB007DE0B8E5}.Debug|Any CPU.Build.0 = Debug|Any CPU
		{1FB955FC-86D0-1886-893C-FB007DE0B8E5}.Release|Any CPU.ActiveCfg = Release|Any CPU
		{1FB955FC-86D0-1886-893C-FB007DE0B8E5}.Release|Any CPU.Build.0 = Release|Any CPU
		{C4B32A20-C1F2-6F01-901D-6F915BBD0746}.Debug|Any CPU.ActiveCfg = Debug|Any CPU
		{C4B32A20-C1F2-6F01-901D-6F915BBD0746}.Debug|Any CPU.Build.0 = Debug|Any CPU
		{C4B32A20-C1F2-6F01-901D-6F915BBD0746}.Release|Any CPU.ActiveCfg = Release|Any CPU
		{C4B32A20-C1F2-6F01-901D-6F915BBD0746}.Release|Any CPU.Build.0 = Release|Any CPU
		{88858981-88E5-3D74-0B49-471CF77047C5}.Debug|Any CPU.ActiveCfg = Debug|Any CPU
		{88858981-88E5-3D74-0B49-471CF77047C5}.Debug|Any CPU.Build.0 = Debug|Any CPU
		{88858981-88E5-3D74-0B49-471CF77047C5}.Release|Any CPU.ActiveCfg = Release|Any CPU
		{88858981-88E5-3D74-0B49-471CF77047C5}.Release|Any CPU.Build.0 = Release|Any CPU
		{6DE3CE6F-79D8-E0F8-82B3-3DAF73099968}.Debug|Any CPU.ActiveCfg = Debug|Any CPU
		{6DE3CE6F-79D8-E0F8-82B3-3DAF73099968}.Debug|Any CPU.Build.0 = Debug|Any CPU
		{6DE3CE6F-79D8-E0F8-82B3-3DAF73099968}.Release|Any CPU.ActiveCfg = Release|Any CPU
		{6DE3CE6F-79D8-E0F8-82B3-3DAF73099968}.Release|Any CPU.Build.0 = Release|Any CPU
	EndGlobalSection
	GlobalSection(SolutionProperties) = preSolution
		HideSolutionNode = FALSE
	EndGlobalSection
EndGlobal
